{
  "requires": true,
  "lockfileVersion": 1,
  "dependencies": {
    "stemmer": {
      "version": "1.0.5",
      "resolved": "https://registry.npmjs.org/stemmer/-/stemmer-1.0.5.tgz",
      "integrity": "sha512-SLq7annzSKRDStasOJJoftCSCzBCKmBmH38jC4fDtCunAqOzpTpIm9zmaHmwNJiZ8gLe9qpVdBVbEG2DC5dE2A=="
    }
  }
}
